
Microsoft Visual Studio Solution File, Format Version 12.00
# Visual Studio 2012
Project("{FAE04EC0-301F-11D3-BF4B-00C04F79EFBC}") = "VideoZoneV2", "VideoZoneV2\VideoZoneV2.csproj", "{48A96632-5E63-42B5-9BF6-EFAA8319CA0B}"
	ProjectSection(ProjectDependencies) = postProject
		{8D591E95-CB4C-4A12-84AB-C4AD2CF81908} = {8D591E95-CB4C-4A12-84AB-C4AD2CF81908}
	EndProjectSection
EndProject
Project("{FAE04EC0-301F-11D3-BF4B-00C04F79EFBC}") = "VideoZoneV2.Web", "VideoZoneV2.Web\VideoZoneV2.Web.csproj", "{8D591E95-CB4C-4A12-84AB-C4AD2CF81908}"
EndProject
Global
	GlobalSection(SolutionConfigurationPlatforms) = preSolution
		Debug|Any CPU = Debug|Any CPU
		Release|Any CPU = Release|Any CPU
	EndGlobalSection
	GlobalSection(ProjectConfigurationPlatforms) = postSolution
		{48A96632-5E63-42B5-9BF6-EFAA8319CA0B}.Debug|Any CPU.ActiveCfg = Debug|Any CPU
		{48A96632-5E63-42B5-9BF6-EFAA8319CA0B}.Debug|Any CPU.Build.0 = Debug|Any CPU
		{48A96632-5E63-42B5-9BF6-EFAA8319CA0B}.Release|Any CPU.ActiveCfg = Release|Any CPU
		{48A96632-5E63-42B5-9BF6-EFAA8319CA0B}.Release|Any CPU.Build.0 = Release|Any CPU
		{8D591E95-CB4C-4A12-84AB-C4AD2CF81908}.Debug|Any CPU.ActiveCfg = Debug|Any CPU
		{8D591E95-CB4C-4A12-84AB-C4AD2CF81908}.Debug|Any CPU.Build.0 = Debug|Any CPU
		{8D591E95-CB4C-4A12-84AB-C4AD2CF81908}.Release|Any CPU.ActiveCfg = Release|Any CPU
		{8D591E95-CB4C-4A12-84AB-C4AD2CF81908}.Release|Any CPU.Build.0 = Release|Any CPU
	EndGlobalSection
	GlobalSection(SolutionProperties) = preSolution
		HideSolutionNode = FALSE
	EndGlobalSection
EndGlobal
